
Microsoft Visual Studio Solution File, Format Version 12.00
# Visual Studio Version 17
VisualStudioVersion = 17.0.31919.166
MinimumVisualStudioVersion = 10.0.40219.1
Project("{9A19103F-16F7-4668-BE54-9A1E7A4F7556}") = "SharedKernel", "SharedKernel\SharedKernel.csproj", "{6FFF5123-8E0C-417F-A6E6-F3B5DD32B975}"
EndProject
Project("{9A19103F-16F7-4668-BE54-9A1E7A4F7556}") = "SharedKernel.UnitTest", "SharedKernel.UnitTest\SharedKernel.UnitTest.csproj", "{200603BE-A8C8-4B73-9238-AABB78BBCE8D}"
EndProject
Global
	GlobalSection(SolutionConfigurationPlatforms) = preSolution
		Debug|Any CPU = Debug|Any CPU
		Debug|x64 = Debug|x64
		Release|Any CPU = Release|Any CPU
		Release|x64 = Release|x64
	EndGlobalSection
	GlobalSection(ProjectConfigurationPlatforms) = postSolution
		{6FFF5123-8E0C-417F-A6E6-F3B5DD32B975}.Debug|Any CPU.ActiveCfg = Debug|x64
		{6FFF5123-8E0C-417F-A6E6-F3B5DD32B975}.Debug|Any CPU.Build.0 = Debug|x64
		{6FFF5123-8E0C-417F-A6E6-F3B5DD32B975}.Debug|x64.ActiveCfg = Debug|x64
		{6FFF5123-8E0C-417F-A6E6-F3B5DD32B975}.Debug|x64.Build.0 = Debug|x64
		{6FFF5123-8E0C-417F-A6E6-F3B5DD32B975}.Release|Any CPU.ActiveCfg = Release|x64
		{6FFF5123-8E0C-417F-A6E6-F3B5DD32B975}.Release|Any CPU.Build.0 = Release|x64
		{6FFF5123-8E0C-417F-A6E6-F3B5DD32B975}.Release|x64.ActiveCfg = Release|x64
		{6FFF5123-8E0C-417F-A6E6-F3B5DD32B975}.Release|x64.Build.0 = Release|x64
		{200603BE-A8C8-4B73-9238-AABB78BBCE8D}.Debug|Any CPU.ActiveCfg = Debug|Any CPU
		{200603BE-A8C8-4B73-9238-AABB78BBCE8D}.Debug|Any CPU.Build.0 = Debug|Any CPU
		{200603BE-A8C8-4B73-9238-AABB78BBCE8D}.Debug|x64.ActiveCfg = Debug|Any CPU
		{200603BE-A8C8-4B73-9238-AABB78BBCE8D}.Debug|x64.Build.0 = Debug|Any CPU
		{200603BE-A8C8-4B73-9238-AABB78BBCE8D}.Release|Any CPU.ActiveCfg = Release|Any CPU
		{200603BE-A8C8-4B73-9238-AABB78BBCE8D}.Release|Any CPU.Build.0 = Release|Any CPU
		{200603BE-A8C8-4B73-9238-AABB78BBCE8D}.Release|x64.ActiveCfg = Release|Any CPU
		{200603BE-A8C8-4B73-9238-AABB78BBCE8D}.Release|x64.Build.0 = Release|Any CPU
	EndGlobalSection
	GlobalSection(SolutionProperties) = preSolution
		HideSolutionNode = FALSE
	EndGlobalSection
	GlobalSection(ExtensibilityGlobals) = postSolution
		SolutionGuid = {1BED6896-068C-42EC-A11E-AD229AF8CA39}
	EndGlobalSection
EndGlobal
